
Microsoft Visual Studio Solution File, Format Version 12.00
Project("{FAE04EC0-301F-11D3-BF4B-00C04F79EFBC}") = "api", "api.csproj", "{7D0C9BA6-1C22-4563-BAD7-AD97B0A0A01C}"
EndProject
Global
	GlobalSection(SolutionConfigurationPlatforms) = preSolution
		Debug|Any CPU = Debug|Any CPU
		Release|Any CPU = Release|Any CPU
	EndGlobalSection
	GlobalSection(ProjectConfigurationPlatforms) = postSolution
		{7D0C9BA6-1C22-4563-BAD7-AD97B0A0A01C}.Debug|Any CPU.ActiveCfg = Debug|Any CPU
		{7D0C9BA6-1C22-4563-BAD7-AD97B0A0A01C}.Debug|Any CPU.Build.0 = Debug|Any CPU
		{7D0C9BA6-1C22-4563-BAD7-AD97B0A0A01C}.Release|Any CPU.ActiveCfg = Release|Any CPU
		{7D0C9BA6-1C22-4563-BAD7-AD97B0A0A01C}.Release|Any CPU.Build.0 = Release|Any CPU
	EndGlobalSection
EndGlobal
